
Microsoft Visual Studio Solution File, Format Version 12.00
# Visual Studio Version 17
VisualStudioVersion = 17.11.35312.102
MinimumVisualStudioVersion = 10.0.40219.1
Project("{9A19103F-16F7-4668-BE54-9A1E7A4F7556}") = "acfour_Miquel_Manzano", "acfour_Miquel_Manzano\acfour_Miquel_Manzano.csproj", "{B32705AC-7425-485A-AB90-D507015121D8}"
EndProject
Project("{FAE04EC0-301F-11D3-BF4B-00C04F79EFBC}") = "WarehouseLibrary", "ArrayLibrary\WarehouseLibrary.csproj", "{39CDFF0A-EBC2-4541-89AD-E7D43B8EC02A}"
EndProject
Global
	GlobalSection(SolutionConfigurationPlatforms) = preSolution
		Debug|Any CPU = Debug|Any CPU
		Release|Any CPU = Release|Any CPU
	EndGlobalSection
	GlobalSection(ProjectConfigurationPlatforms) = postSolution
		{B32705AC-7425-485A-AB90-D507015121D8}.Debug|Any CPU.ActiveCfg = Debug|Any CPU
		{B32705AC-7425-485A-AB90-D507015121D8}.Debug|Any CPU.Build.0 = Debug|Any CPU
		{B32705AC-7425-485A-AB90-D507015121D8}.Release|Any CPU.ActiveCfg = Release|Any CPU
		{B32705AC-7425-485A-AB90-D507015121D8}.Release|Any CPU.Build.0 = Release|Any CPU
		{39CDFF0A-EBC2-4541-89AD-E7D43B8EC02A}.Debug|Any CPU.ActiveCfg = Debug|Any CPU
		{39CDFF0A-EBC2-4541-89AD-E7D43B8EC02A}.Debug|Any CPU.Build.0 = Debug|Any CPU
		{39CDFF0A-EBC2-4541-89AD-E7D43B8EC02A}.Release|Any CPU.ActiveCfg = Release|Any CPU
		{39CDFF0A-EBC2-4541-89AD-E7D43B8EC02A}.Release|Any CPU.Build.0 = Release|Any CPU
	EndGlobalSection
	GlobalSection(SolutionProperties) = preSolution
		HideSolutionNode = FALSE
	EndGlobalSection
	GlobalSection(ExtensibilityGlobals) = postSolution
		SolutionGuid = {B40CC70D-ED2F-4045-82F4-0A1EE101069D}
	EndGlobalSection
EndGlobal
